# analysis/variant-surfaces/codeblock.yaml — la SURFACE peinte par chaque variante.
# Hors de context/ deliberement : lu par la console, jamais par un agent.
# Les surfaces identiques sont stockees une fois et pointees.

meta:
  figma_file_key: yoP06GsdWscdgqpJMV2YuN
  slug: codeblock
  generated_at: "2026-09-16"
  variants: 3
  surfaces: 1
surfaces:
  s1:
    text: {fill: "@text-primary", size: 14, weight: Regular, lineHeight: 20}
variants:
  collapse-collapsed: s1
  collapse-expanded: s1
  collapse-none: s1
